// !$*UTF8*$!
{
	archiveVersion = 1;
	classes = {
	};
	objectVersion = 46;
	objects = {

/* Begin PBXBuildFile section */
		5B0478B115C07ADE00CAC407 /* TopPhotosTableViewController.m in Sources */ = {isa = PBXBuildFile; fileRef = 5B0478B015C07ADE00CAC407 /* TopPhotosTableViewController.m */; };
		5B0478B415C07DCC00CAC407 /* CommonTableViewController.m in Sources */ = {isa = PBXBuildFile; fileRef = 5B0478B315C07DCC00CAC407 /* CommonTableViewController.m */; };
		5B0478BB15C11DAC00CAC407 /* PhotoViewController.m in Sources */ = {isa = PBXBuildFile; fileRef = 5B0478BA15C11DAB00CAC407 /* PhotoViewController.m */; };
		5B0478C115C1339900CAC407 /* FlickrData.m in Sources */ = {isa = PBXBuildFile; fileRef = 5B0478C015C1339800CAC407 /* FlickrData.m */; };
		5B0C619E15C4037100E4C725 /* FlickrCache.m in Sources */ = {isa = PBXBuildFile; fileRef = 5B0C619D15C4037100E4C725 /* FlickrCache.m */; };
		5B0C61A115C4770000E4C725 /* MapKit.framework in Frameworks */ = {isa = PBXBuildFile; fileRef = 5B0C61A015C4770000E4C725 /* MapKit.framework */; };
		5B0C61A315C4770700E4C725 /* CoreLocation.framework in Frameworks */ = {isa = PBXBuildFile; fileRef = 5B0C61A215C4770700E4C725 /* CoreLocation.framework */; };
		5B0C61A615C489D000E4C725 /* FlickrAnnotation.m in Sources */ = {isa = PBXBuildFile; fileRef = 5B0C61A515C489D000E4C725 /* FlickrAnnotation.m */; };
		5B0C61B715C5A45B00E4C725 /* Placeholder.png in Resources */ = {isa = PBXBuildFile; fileRef = 5B0C61B615C5A45A00E4C725 /* Placeholder.png */; };
		5B54CD5915C9744A00AA1262 /* palm.png in Resources */ = {isa = PBXBuildFile; fileRef = 5B54CD5715C9744A00AA1262 /* palm.png */; };
		5B54CD5A15C9744A00AA1262 /* palm@2x.png in Resources */ = {isa = PBXBuildFile; fileRef = 5B54CD5815C9744A00AA1262 /* palm@2x.png */; };
		5B54CD5D15C9745900AA1262 /* world.png in Resources */ = {isa = PBXBuildFile; fileRef = 5B54CD5B15C9745900AA1262 /* world.png */; };
		5B54CD5E15C9745900AA1262 /* world@2x.png in Resources */ = {isa = PBXBuildFile; fileRef = 5B54CD5C15C9745900AA1262 /* world@2x.png */; };
		5B54CD6115C9759900AA1262 /* VacationsTableViewController.m in Sources */ = {isa = PBXBuildFile; fileRef = 5B54CD6015C9759900AA1262 /* VacationsTableViewController.m */; };
		5B54CD6515C97DC500AA1262 /* VacationHelper.m in Sources */ = {isa = PBXBuildFile; fileRef = 5B54CD6415C97DC500AA1262 /* VacationHelper.m */; };
		5B54CD6C15C9996500AA1262 /* VacationTableViewController.m in Sources */ = {isa = PBXBuildFile; fileRef = 5B54CD6B15C9996500AA1262 /* VacationTableViewController.m */; };
		5B54CD6F15CA636000AA1262 /* ItineraryTableViewController.m in Sources */ = {isa = PBXBuildFile; fileRef = 5B54CD6E15CA636000AA1262 /* ItineraryTableViewController.m */; };
		5B54CD7215CA638F00AA1262 /* CoreDataTableViewController.m in Sources */ = {isa = PBXBuildFile; fileRef = 5B54CD7115CA638F00AA1262 /* CoreDataTableViewController.m */; };
		5B61C8F315CBFA2600750FD6 /* Photo+Flickr.m in Sources */ = {isa = PBXBuildFile; fileRef = 5B61C8F215CBFA2600750FD6 /* Photo+Flickr.m */; };
		5B61C8FC15CC02E400750FD6 /* VacationPhotosTableViewController.m in Sources */ = {isa = PBXBuildFile; fileRef = 5B61C8FB15CC02E400750FD6 /* VacationPhotosTableViewController.m */; };
		5B645E9F15D122B20007284F /* Itinerary.m in Sources */ = {isa = PBXBuildFile; fileRef = 5B645E9E15D122B20007284F /* Itinerary.m */; };
		5B645EA215D122B20007284F /* Photo.m in Sources */ = {isa = PBXBuildFile; fileRef = 5B645EA115D122B20007284F /* Photo.m */; };
		5B645EA515D122B30007284F /* Tag.m in Sources */ = {isa = PBXBuildFile; fileRef = 5B645EA415D122B20007284F /* Tag.m */; };
		5B645EA815D122B30007284F /* Place.m in Sources */ = {isa = PBXBuildFile; fileRef = 5B645EA715D122B30007284F /* Place.m */; };
		5B645EAB15D128DF0007284F /* Itinerary+Single.m in Sources */ = {isa = PBXBuildFile; fileRef = 5B645EAA15D128DE0007284F /* Itinerary+Single.m */; };
		5B7BA52115BEBC3500185E9F /* TopPlacesTableViewController.m in Sources */ = {isa = PBXBuildFile; fileRef = 5B7BA52015BEBC3500185E9F /* TopPlacesTableViewController.m */; };
		5B7BA52515BEBC5800185E9F /* RecentPhotosTableViewController.m in Sources */ = {isa = PBXBuildFile; fileRef = 5B7BA52415BEBC5800185E9F /* RecentPhotosTableViewController.m */; };
		5B8AC09215BEA37900460D33 /* UIKit.framework in Frameworks */ = {isa = PBXBuildFile; fileRef = 5B8AC09115BEA37900460D33 /* UIKit.framework */; };
		5B8AC09415BEA37900460D33 /* Foundation.framework in Frameworks */ = {isa = PBXBuildFile; fileRef = 5B8AC09315BEA37900460D33 /* Foundation.framework */; };
		5B8AC09615BEA37900460D33 /* CoreGraphics.framework in Frameworks */ = {isa = PBXBuildFile; fileRef = 5B8AC09515BEA37900460D33 /* CoreGraphics.framework */; };
		5B8AC09C15BEA37900460D33 /* InfoPlist.strings in Resources */ = {isa = PBXBuildFile; fileRef = 5B8AC09A15BEA37900460D33 /* InfoPlist.strings */; };
		5B8AC09E15BEA37900460D33 /* main.m in Sources */ = {isa = PBXBuildFile; fileRef = 5B8AC09D15BEA37900460D33 /* main.m */; };
		5B8AC0A215BEA37900460D33 /* TopPlacesAppDelegate.m in Sources */ = {isa = PBXBuildFile; fileRef = 5B8AC0A115BEA37900460D33 /* TopPlacesAppDelegate.m */; };
		5B8AC0A515BEA37A00460D33 /* MainStoryboard_iPhone.storyboard in Resources */ = {isa = PBXBuildFile; fileRef = 5B8AC0A315BEA37A00460D33 /* MainStoryboard_iPhone.storyboard */; };
		5B8AC0A815BEA37A00460D33 /* MainStoryboard_iPad.storyboard in Resources */ = {isa = PBXBuildFile; fileRef = 5B8AC0A615BEA37A00460D33 /* MainStoryboard_iPad.storyboard */; };
		5B8AC0BB15BEA84700460D33 /* FlickrFetcher.m in Sources */ = {isa = PBXBuildFile; fileRef = 5B8AC0B915BEA84700460D33 /* FlickrFetcher.m */; };
		5BBCB66915CA77B2001EA96D /* Vacation.xcdatamodeld in Sources */ = {isa = PBXBuildFile; fileRef = 5BBCB66715CA77B2001EA96D /* Vacation.xcdatamodeld */; };
		5BBCB66F15CA8404001EA96D /* CoreData.framework in Frameworks */ = {isa = PBXBuildFile; fileRef = 5BBCB66E15CA8404001EA96D /* CoreData.framework */; };
		5BBCB67615CAD525001EA96D /* Place+Flickr.m in Sources */ = {isa = PBXBuildFile; fileRef = 5BBCB67515CAD525001EA96D /* Place+Flickr.m */; };
		5BDD34C215CFA573000E2EB8 /* TagsTableViewController.m in Sources */ = {isa = PBXBuildFile; fileRef = 5BDD34C115CFA572000E2EB8 /* TagsTableViewController.m */; };
		5BDD34CF15CFAC26000E2EB8 /* Tag+Flickr.m in Sources */ = {isa = PBXBuildFile; fileRef = 5BDD34CE15CFAC26000E2EB8 /* Tag+Flickr.m */; };
		5BE470D915D00B920040E69E /* AddVacationViewController.m in Sources */ = {isa = PBXBuildFile; fileRef = 5BE470D815D00B920040E69E /* AddVacationViewController.m */; };
/* End PBXBuildFile section */

/* Begin PBXFileReference section */
		5B0478AF15C07ADE00CAC407 /* TopPhotosTableViewController.h */ = {isa = PBXFileReference; fileEncoding = 4; lastKnownFileType = sourcecode.c.h; path = TopPhotosTableViewController.h; sourceTree = "<group>"; };
		5B0478B015C07ADE00CAC407 /* TopPhotosTableViewController.m */ = {isa = PBXFileReference; fileEncoding = 4; lastKnownFileType = sourcecode.c.objc; path = TopPhotosTableViewController.m; sourceTree = "<group>"; };
		5B0478B215C07DCC00CAC407 /* CommonTableViewController.h */ = {isa = PBXFileReference; fileEncoding = 4; lastKnownFileType = sourcecode.c.h; path = CommonTableViewController.h; sourceTree = "<group>"; };
		5B0478B315C07DCC00CAC407 /* CommonTableViewController.m */ = {isa = PBXFileReference; fileEncoding = 4; lastKnownFileType = sourcecode.c.objc; path = CommonTableViewController.m; sourceTree = "<group>"; };
		5B0478B915C11DAB00CAC407 /* PhotoViewController.h */ = {isa = PBXFileReference; fileEncoding = 4; lastKnownFileType = sourcecode.c.h; path = PhotoViewController.h; sourceTree = "<group>"; };
		5B0478BA15C11DAB00CAC407 /* PhotoViewController.m */ = {isa = PBXFileReference; fileEncoding = 4; lastKnownFileType = sourcecode.c.objc; path = PhotoViewController.m; sourceTree = "<group>"; };
		5B0478BF15C1339800CAC407 /* FlickrData.h */ = {isa = PBXFileReference; fileEncoding = 4; lastKnownFileType = sourcecode.c.h; path = FlickrData.h; sourceTree = "<group>"; };
		5B0478C015C1339800CAC407 /* FlickrData.m */ = {isa = PBXFileReference; fileEncoding = 4; lastKnownFileType = sourcecode.c.objc; path = FlickrData.m; sourceTree = "<group>"; };
		5B0C619C15C4037100E4C725 /* FlickrCache.h */ = {isa = PBXFileReference; fileEncoding = 4; lastKnownFileType = sourcecode.c.h; path = FlickrCache.h; sourceTree = "<group>"; };
		5B0C619D15C4037100E4C725 /* FlickrCache.m */ = {isa = PBXFileReference; fileEncoding = 4; lastKnownFileType = sourcecode.c.objc; path = FlickrCache.m; sourceTree = "<group>"; };
		5B0C61A015C4770000E4C725 /* MapKit.framework */ = {isa = PBXFileReference; lastKnownFileType = wrapper.framework; name = MapKit.framework; path = System/Library/Frameworks/MapKit.framework; sourceTree = SDKROOT; };
		5B0C61A215C4770700E4C725 /* CoreLocation.framework */ = {isa = PBXFileReference; lastKnownFileType = wrapper.framework; name = CoreLocation.framework; path = System/Library/Frameworks/CoreLocation.framework; sourceTree = SDKROOT; };
		5B0C61A415C489D000E4C725 /* FlickrAnnotation.h */ = {isa = PBXFileReference; fileEncoding = 4; lastKnownFileType = sourcecode.c.h; path = FlickrAnnotation.h; sourceTree = "<group>"; };
		5B0C61A515C489D000E4C725 /* FlickrAnnotation.m */ = {isa = PBXFileReference; fileEncoding = 4; lastKnownFileType = sourcecode.c.objc; path = FlickrAnnotation.m; sourceTree = "<group>"; };
		5B0C61AD15C5457E00E4C725 /* README */ = {isa = PBXFileReference; lastKnownFileType = text; path = README; sourceTree = SOURCE_ROOT; };
		5B0C61B615C5A45A00E4C725 /* Placeholder.png */ = {isa = PBXFileReference; lastKnownFileType = image.png; path = Placeholder.png; sourceTree = "<group>"; };
		5B54CD5715C9744A00AA1262 /* palm.png */ = {isa = PBXFileReference; lastKnownFileType = image.png; path = palm.png; sourceTree = "<group>"; };
		5B54CD5815C9744A00AA1262 /* palm@2x.png */ = {isa = PBXFileReference; lastKnownFileType = image.png; path = "palm@2x.png"; sourceTree = "<group>"; };
		5B54CD5B15C9745900AA1262 /* world.png */ = {isa = PBXFileReference; lastKnownFileType = image.png; path = world.png; sourceTree = "<group>"; };
		5B54CD5C15C9745900AA1262 /* world@2x.png */ = {isa = PBXFileReference; lastKnownFileType = image.png; path = "world@2x.png"; sourceTree = "<group>"; };
		5B54CD5F15C9759900AA1262 /* VacationsTableViewController.h */ = {isa = PBXFileReference; fileEncoding = 4; lastKnownFileType = sourcecode.c.h; path = VacationsTableViewController.h; sourceTree = "<group>"; };
		5B54CD6015C9759900AA1262 /* VacationsTableViewController.m */ = {isa = PBXFileReference; fileEncoding = 4; lastKnownFileType = sourcecode.c.objc; path = VacationsTableViewController.m; sourceTree = "<group>"; };
		5B54CD6315C97DC500AA1262 /* VacationHelper.h */ = {isa = PBXFileReference; fileEncoding = 4; lastKnownFileType = sourcecode.c.h; path = VacationHelper.h; sourceTree = "<group>"; };
		5B54CD6415C97DC500AA1262 /* VacationHelper.m */ = {isa = PBXFileReference; fileEncoding = 4; lastKnownFileType = sourcecode.c.objc; path = VacationHelper.m; sourceTree = "<group>"; };
		5B54CD6A15C9996500AA1262 /* VacationTableViewController.h */ = {isa = PBXFileReference; fileEncoding = 4; lastKnownFileType = sourcecode.c.h; path = VacationTableViewController.h; sourceTree = "<group>"; };
		5B54CD6B15C9996500AA1262 /* VacationTableViewController.m */ = {isa = PBXFileReference; fileEncoding = 4; lastKnownFileType = sourcecode.c.objc; path = VacationTableViewController.m; sourceTree = "<group>"; };
		5B54CD6D15CA636000AA1262 /* ItineraryTableViewController.h */ = {isa = PBXFileReference; fileEncoding = 4; lastKnownFileType = sourcecode.c.h; path = ItineraryTableViewController.h; sourceTree = "<group>"; };
		5B54CD6E15CA636000AA1262 /* ItineraryTableViewController.m */ = {isa = PBXFileReference; fileEncoding = 4; lastKnownFileType = sourcecode.c.objc; path = ItineraryTableViewController.m; sourceTree = "<group>"; };
		5B54CD7015CA638F00AA1262 /* CoreDataTableViewController.h */ = {isa = PBXFileReference; fileEncoding = 4; lastKnownFileType = sourcecode.c.h; path = CoreDataTableViewController.h; sourceTree = "<group>"; };
		5B54CD7115CA638F00AA1262 /* CoreDataTableViewController.m */ = {isa = PBXFileReference; fileEncoding = 4; lastKnownFileType = sourcecode.c.objc; path = CoreDataTableViewController.m; sourceTree = "<group>"; };
		5B61C8F115CBFA2600750FD6 /* Photo+Flickr.h */ = {isa = PBXFileReference; fileEncoding = 4; lastKnownFileType = sourcecode.c.h; path = "Photo+Flickr.h"; sourceTree = "<group>"; };
		5B61C8F215CBFA2600750FD6 /* Photo+Flickr.m */ = {isa = PBXFileReference; fileEncoding = 4; lastKnownFileType = sourcecode.c.objc; path = "Photo+Flickr.m"; sourceTree = "<group>"; };
		5B61C8FA15CC02E400750FD6 /* VacationPhotosTableViewController.h */ = {isa = PBXFileReference; fileEncoding = 4; lastKnownFileType = sourcecode.c.h; path = VacationPhotosTableViewController.h; sourceTree = "<group>"; };
		5B61C8FB15CC02E400750FD6 /* VacationPhotosTableViewController.m */ = {isa = PBXFileReference; fileEncoding = 4; lastKnownFileType = sourcecode.c.objc; path = VacationPhotosTableViewController.m; sourceTree = "<group>"; };
		5B645E9D15D122B20007284F /* Itinerary.h */ = {isa = PBXFileReference; fileEncoding = 4; lastKnownFileType = sourcecode.c.h; path = Itinerary.h; sourceTree = "<group>"; };
		5B645E9E15D122B20007284F /* Itinerary.m */ = {isa = PBXFileReference; fileEncoding = 4; lastKnownFileType = sourcecode.c.objc; path = Itinerary.m; sourceTree = "<group>"; };
		5B645EA015D122B20007284F /* Photo.h */ = {isa = PBXFileReference; fileEncoding = 4; lastKnownFileType = sourcecode.c.h; path = Photo.h; sourceTree = "<group>"; };
		5B645EA115D122B20007284F /* Photo.m */ = {isa = PBXFileReference; fileEncoding = 4; lastKnownFileType = sourcecode.c.objc; path = Photo.m; sourceTree = "<group>"; };
		5B645EA315D122B20007284F /* Tag.h */ = {isa = PBXFileReference; fileEncoding = 4; lastKnownFileType = sourcecode.c.h; path = Tag.h; sourceTree = "<group>"; };
		5B645EA415D122B20007284F /* Tag.m */ = {isa = PBXFileReference; fileEncoding = 4; lastKnownFileType = sourcecode.c.objc; path = Tag.m; sourceTree = "<group>"; };
		5B645EA615D122B30007284F /* Place.h */ = {isa = PBXFileReference; fileEncoding = 4; lastKnownFileType = sourcecode.c.h; path = Place.h; sourceTree = "<group>"; };
		5B645EA715D122B30007284F /* Place.m */ = {isa = PBXFileReference; fileEncoding = 4; lastKnownFileType = sourcecode.c.objc; path = Place.m; sourceTree = "<group>"; };
		5B645EA915D128DE0007284F /* Itinerary+Single.h */ = {isa = PBXFileReference; fileEncoding = 4; lastKnownFileType = sourcecode.c.h; path = "Itinerary+Single.h"; sourceTree = "<group>"; };
		5B645EAA15D128DE0007284F /* Itinerary+Single.m */ = {isa = PBXFileReference; fileEncoding = 4; lastKnownFileType = sourcecode.c.objc; path = "Itinerary+Single.m"; sourceTree = "<group>"; };
		5B7BA51F15BEBC3500185E9F /* TopPlacesTableViewController.h */ = {isa = PBXFileReference; fileEncoding = 4; lastKnownFileType = sourcecode.c.h; path = TopPlacesTableViewController.h; sourceTree = "<group>"; };
		5B7BA52015BEBC3500185E9F /* TopPlacesTableViewController.m */ = {isa = PBXFileReference; fileEncoding = 4; lastKnownFileType = sourcecode.c.objc; path = TopPlacesTableViewController.m; sourceTree = "<group>"; };
		5B7BA52315BEBC5800185E9F /* RecentPhotosTableViewController.h */ = {isa = PBXFileReference; fileEncoding = 4; lastKnownFileType = sourcecode.c.h; path = RecentPhotosTableViewController.h; sourceTree = "<group>"; };
		5B7BA52415BEBC5800185E9F /* RecentPhotosTableViewController.m */ = {isa = PBXFileReference; fileEncoding = 4; lastKnownFileType = sourcecode.c.objc; path = RecentPhotosTableViewController.m; sourceTree = "<group>"; };
		5B8AC08D15BEA37900460D33 /* TopPlaces.app */ = {isa = PBXFileReference; explicitFileType = wrapper.application; includeInIndex = 0; path = TopPlaces.app; sourceTree = BUILT_PRODUCTS_DIR; };
		5B8AC09115BEA37900460D33 /* UIKit.framework */ = {isa = PBXFileReference; lastKnownFileType = wrapper.framework; name = UIKit.framework; path = System/Library/Frameworks/UIKit.framework; sourceTree = SDKROOT; };
		5B8AC09315BEA37900460D33 /* Foundation.framework */ = {isa = PBXFileReference; lastKnownFileType = wrapper.framework; name = Foundation.framework; path = System/Library/Frameworks/Foundation.framework; sourceTree = SDKROOT; };
		5B8AC09515BEA37900460D33 /* CoreGraphics.framework */ = {isa = PBXFileReference; lastKnownFileType = wrapper.framework; name = CoreGraphics.framework; path = System/Library/Frameworks/CoreGraphics.framework; sourceTree = SDKROOT; };
		5B8AC09915BEA37900460D33 /* TopPlaces-Info.plist */ = {isa = PBXFileReference; lastKnownFileType = text.plist.xml; path = "TopPlaces-Info.plist"; sourceTree = "<group>"; };
		5B8AC09B15BEA37900460D33 /* en */ = {isa = PBXFileReference; lastKnownFileType = text.plist.strings; name = en; path = en.lproj/InfoPlist.strings; sourceTree = "<group>"; };
		5B8AC09D15BEA37900460D33 /* main.m */ = {isa = PBXFileReference; lastKnownFileType = sourcecode.c.objc; path = main.m; sourceTree = "<group>"; };
		5B8AC09F15BEA37900460D33 /* TopPlaces-Prefix.pch */ = {isa = PBXFileReference; lastKnownFileType = sourcecode.c.h; path = "TopPlaces-Prefix.pch"; sourceTree = "<group>"; };
		5B8AC0A015BEA37900460D33 /* TopPlacesAppDelegate.h */ = {isa = PBXFileReference; lastKnownFileType = sourcecode.c.h; path = TopPlacesAppDelegate.h; sourceTree = "<group>"; };
		5B8AC0A115BEA37900460D33 /* TopPlacesAppDelegate.m */ = {isa = PBXFileReference; lastKnownFileType = sourcecode.c.objc; path = TopPlacesAppDelegate.m; sourceTree = "<group>"; };
		5B8AC0A415BEA37A00460D33 /* en */ = {isa = PBXFileReference; lastKnownFileType = file.storyboard; name = en; path = en.lproj/MainStoryboard_iPhone.storyboard; sourceTree = "<group>"; };
		5B8AC0A715BEA37A00460D33 /* en */ = {isa = PBXFileReference; lastKnownFileType = file.storyboard; name = en; path = en.lproj/MainStoryboard_iPad.storyboard; sourceTree = "<group>"; };
		5B8AC0B815BEA84700460D33 /* FlickrFetcher.h */ = {isa = PBXFileReference; fileEncoding = 4; lastKnownFileType = sourcecode.c.h; path = FlickrFetcher.h; sourceTree = "<group>"; };
		5B8AC0B915BEA84700460D33 /* FlickrFetcher.m */ = {isa = PBXFileReference; fileEncoding = 4; lastKnownFileType = sourcecode.c.objc; path = FlickrFetcher.m; sourceTree = "<group>"; };
		5B8AC0BA15BEA84700460D33 /* FlickrAPIKey.h */ = {isa = PBXFileReference; fileEncoding = 4; lastKnownFileType = sourcecode.c.h; path = FlickrAPIKey.h; sourceTree = "<group>"; };
		5BBCB66815CA77B2001EA96D /* Vacation.xcdatamodel */ = {isa = PBXFileReference; lastKnownFileType = wrapper.xcdatamodel; path = Vacation.xcdatamodel; sourceTree = "<group>"; };
		5BBCB66E15CA8404001EA96D /* CoreData.framework */ = {isa = PBXFileReference; lastKnownFileType = wrapper.framework; name = CoreData.framework; path = System/Library/Frameworks/CoreData.framework; sourceTree = SDKROOT; };
		5BBCB67415CAD525001EA96D /* Place+Flickr.h */ = {isa = PBXFileReference; fileEncoding = 4; lastKnownFileType = sourcecode.c.h; path = "Place+Flickr.h"; sourceTree = "<group>"; };
		5BBCB67515CAD525001EA96D /* Place+Flickr.m */ = {isa = PBXFileReference; fileEncoding = 4; lastKnownFileType = sourcecode.c.objc; path = "Place+Flickr.m"; sourceTree = "<group>"; };
		5BBD450015C1AC4900959585 /* SplitViewBarButtonItemPresenter.h */ = {isa = PBXFileReference; fileEncoding = 4; lastKnownFileType = sourcecode.c.h; path = SplitViewBarButtonItemPresenter.h; sourceTree = "<group>"; };
		5BDD34C015CFA572000E2EB8 /* TagsTableViewController.h */ = {isa = PBXFileReference; fileEncoding = 4; lastKnownFileType = sourcecode.c.h; path = TagsTableViewController.h; sourceTree = "<group>"; };
		5BDD34C115CFA572000E2EB8 /* TagsTableViewController.m */ = {isa = PBXFileReference; fileEncoding = 4; lastKnownFileType = sourcecode.c.objc; path = TagsTableViewController.m; sourceTree = "<group>"; };
		5BDD34CD15CFAC26000E2EB8 /* Tag+Flickr.h */ = {isa = PBXFileReference; fileEncoding = 4; lastKnownFileType = sourcecode.c.h; path = "Tag+Flickr.h"; sourceTree = "<group>"; };
		5BDD34CE15CFAC26000E2EB8 /* Tag+Flickr.m */ = {isa = PBXFileReference; fileEncoding = 4; lastKnownFileType = sourcecode.c.objc; path = "Tag+Flickr.m"; sourceTree = "<group>"; };
		5BE470D715D00B920040E69E /* AddVacationViewController.h */ = {isa = PBXFileReference; fileEncoding = 4; lastKnownFileType = sourcecode.c.h; path = AddVacationViewController.h; sourceTree = "<group>"; };
		5BE470D815D00B920040E69E /* AddVacationViewController.m */ = {isa = PBXFileReference; fileEncoding = 4; lastKnownFileType = sourcecode.c.objc; path = AddVacationViewController.m; sourceTree = "<group>"; };
/* End PBXFileReference section */

/* Begin PBXFrameworksBuildPhase section */
		5B8AC08A15BEA37900460D33 /* Frameworks */ = {
			isa = PBXFrameworksBuildPhase;
			buildActionMask = 2147483647;
			files = (
				5BBCB66F15CA8404001EA96D /* CoreData.framework in Frameworks */,
				5B0C61A315C4770700E4C725 /* CoreLocation.framework in Frameworks */,
				5B0C61A115C4770000E4C725 /* MapKit.framework in Frameworks */,
				5B8AC09215BEA37900460D33 /* UIKit.framework in Frameworks */,
				5B8AC09415BEA37900460D33 /* Foundation.framework in Frameworks */,
				5B8AC09615BEA37900460D33 /* CoreGraphics.framework in Frameworks */,
			);
			runOnlyForDeploymentPostprocessing = 0;
		};
/* End PBXFrameworksBuildPhase section */

/* Begin PBXGroup section */
		5B54CD5515C9743400AA1262 /* Images */ = {
			isa = PBXGroup;
			children = (
				5B0C61B615C5A45A00E4C725 /* Placeholder.png */,
				5B54CD5715C9744A00AA1262 /* palm.png */,
				5B54CD5815C9744A00AA1262 /* palm@2x.png */,
				5B54CD5B15C9745900AA1262 /* world.png */,
				5B54CD5C15C9745900AA1262 /* world@2x.png */,
			);
			name = Images;
			sourceTree = "<group>";
		};
		5B8AC08215BEA37900460D33 = {
			isa = PBXGroup;
			children = (
				5B8AC09715BEA37900460D33 /* TopPlaces */,
				5B8AC09015BEA37900460D33 /* Frameworks */,
				5B8AC08E15BEA37900460D33 /* Products */,
			);
			sourceTree = "<group>";
		};
		5B8AC08E15BEA37900460D33 /* Products */ = {
			isa = PBXGroup;
			children = (
				5B8AC08D15BEA37900460D33 /* TopPlaces.app */,
			);
			name = Products;
			sourceTree = "<group>";
		};
		5B8AC09015BEA37900460D33 /* Frameworks */ = {
			isa = PBXGroup;
			children = (
				5BBCB66E15CA8404001EA96D /* CoreData.framework */,
				5B0C61A215C4770700E4C725 /* CoreLocation.framework */,
				5B0C61A015C4770000E4C725 /* MapKit.framework */,
				5B8AC09115BEA37900460D33 /* UIKit.framework */,
				5B8AC09315BEA37900460D33 /* Foundation.framework */,
				5B8AC09515BEA37900460D33 /* CoreGraphics.framework */,
			);
			name = Frameworks;
			sourceTree = "<group>";
		};
		5B8AC09715BEA37900460D33 /* TopPlaces */ = {
			isa = PBXGroup;
			children = (
				5B0C61AD15C5457E00E4C725 /* README */,
				5B8AC0A015BEA37900460D33 /* TopPlacesAppDelegate.h */,
				5B8AC0A115BEA37900460D33 /* TopPlacesAppDelegate.m */,
				5B8AC0A315BEA37A00460D33 /* MainStoryboard_iPhone.storyboard */,
				5B8AC0A615BEA37A00460D33 /* MainStoryboard_iPad.storyboard */,
				5B0478B215C07DCC00CAC407 /* CommonTableViewController.h */,
				5B0478B315C07DCC00CAC407 /* CommonTableViewController.m */,
				5B7BA51F15BEBC3500185E9F /* TopPlacesTableViewController.h */,
				5B7BA52015BEBC3500185E9F /* TopPlacesTableViewController.m */,
				5B0478AF15C07ADE00CAC407 /* TopPhotosTableViewController.h */,
				5B0478B015C07ADE00CAC407 /* TopPhotosTableViewController.m */,
				5B7BA52315BEBC5800185E9F /* RecentPhotosTableViewController.h */,
				5B7BA52415BEBC5800185E9F /* RecentPhotosTableViewController.m */,
				5BBD450015C1AC4900959585 /* SplitViewBarButtonItemPresenter.h */,
				5B54CD5F15C9759900AA1262 /* VacationsTableViewController.h */,
				5B54CD6015C9759900AA1262 /* VacationsTableViewController.m */,
				5BE470D715D00B920040E69E /* AddVacationViewController.h */,
				5BE470D815D00B920040E69E /* AddVacationViewController.m */,
				5B54CD6A15C9996500AA1262 /* VacationTableViewController.h */,
				5B54CD6B15C9996500AA1262 /* VacationTableViewController.m */,
				5B54CD7015CA638F00AA1262 /* CoreDataTableViewController.h */,
				5B54CD7115CA638F00AA1262 /* CoreDataTableViewController.m */,
				5B54CD6D15CA636000AA1262 /* ItineraryTableViewController.h */,
				5B54CD6E15CA636000AA1262 /* ItineraryTableViewController.m */,
				5BDD34C015CFA572000E2EB8 /* TagsTableViewController.h */,
				5BDD34C115CFA572000E2EB8 /* TagsTableViewController.m */,
				5B61C8FA15CC02E400750FD6 /* VacationPhotosTableViewController.h */,
				5B61C8FB15CC02E400750FD6 /* VacationPhotosTableViewController.m */,
				5B0478B915C11DAB00CAC407 /* PhotoViewController.h */,
				5B0478BA15C11DAB00CAC407 /* PhotoViewController.m */,
				5BBCB66715CA77B2001EA96D /* Vacation.xcdatamodeld */,
				5B645EA615D122B30007284F /* Place.h */,
				5B645EA715D122B30007284F /* Place.m */,
				5B645EA015D122B20007284F /* Photo.h */,
				5B645EA115D122B20007284F /* Photo.m */,
				5B645EA315D122B20007284F /* Tag.h */,
				5B645EA415D122B20007284F /* Tag.m */,
				5B645E9D15D122B20007284F /* Itinerary.h */,
				5B645E9E15D122B20007284F /* Itinerary.m */,
				5BBCB67415CAD525001EA96D /* Place+Flickr.h */,
				5BBCB67515CAD525001EA96D /* Place+Flickr.m */,
				5B61C8F115CBFA2600750FD6 /* Photo+Flickr.h */,
				5B61C8F215CBFA2600750FD6 /* Photo+Flickr.m */,
				5BDD34CD15CFAC26000E2EB8 /* Tag+Flickr.h */,
				5BDD34CE15CFAC26000E2EB8 /* Tag+Flickr.m */,
				5B645EA915D128DE0007284F /* Itinerary+Single.h */,
				5B645EAA15D128DE0007284F /* Itinerary+Single.m */,
				5B54CD6315C97DC500AA1262 /* VacationHelper.h */,
				5B54CD6415C97DC500AA1262 /* VacationHelper.m */,
				5B0478BF15C1339800CAC407 /* FlickrData.h */,
				5B0478C015C1339800CAC407 /* FlickrData.m */,
				5B0C619C15C4037100E4C725 /* FlickrCache.h */,
				5B0C619D15C4037100E4C725 /* FlickrCache.m */,
				5B0C61A415C489D000E4C725 /* FlickrAnnotation.h */,
				5B0C61A515C489D000E4C725 /* FlickrAnnotation.m */,
				5B54CD5515C9743400AA1262 /* Images */,
				5B8AC0BC15BEA8ED00460D33 /* FlickrFetcher */,
				5B8AC09815BEA37900460D33 /* Supporting Files */,
			);
			path = TopPlaces;
			sourceTree = "<group>";
		};
		5B8AC09815BEA37900460D33 /* Supporting Files */ = {
			isa = PBXGroup;
			children = (
				5B8AC09915BEA37900460D33 /* TopPlaces-Info.plist */,
				5B8AC09A15BEA37900460D33 /* InfoPlist.strings */,
				5B8AC09D15BEA37900460D33 /* main.m */,
				5B8AC09F15BEA37900460D33 /* TopPlaces-Prefix.pch */,
			);
			name = "Supporting Files";
			sourceTree = "<group>";
		};
		5B8AC0BC15BEA8ED00460D33 /* FlickrFetcher */ = {
			isa = PBXGroup;
			children = (
				5B8AC0B815BEA84700460D33 /* FlickrFetcher.h */,
				5B8AC0B915BEA84700460D33 /* FlickrFetcher.m */,
				5B8AC0BA15BEA84700460D33 /* FlickrAPIKey.h */,
			);
			name = FlickrFetcher;
			sourceTree = "<group>";
		};
/* End PBXGroup section */

/* Begin PBXNativeTarget section */
		5B8AC08C15BEA37900460D33 /* TopPlaces */ = {
			isa = PBXNativeTarget;
			buildConfigurationList = 5B8AC0AE15BEA37A00460D33 /* Build configuration list for PBXNativeTarget "TopPlaces" */;
			buildPhases = (
				5B8AC08915BEA37900460D33 /* Sources */,
				5B8AC08A15BEA37900460D33 /* Frameworks */,
				5B8AC08B15BEA37900460D33 /* Resources */,
			);
			buildRules = (
			);
			dependencies = (
			);
			name = TopPlaces;
			productName = TopPlaces;
			productReference = 5B8AC08D15BEA37900460D33 /* TopPlaces.app */;
			productType = "com.apple.product-type.application";
		};
/* End PBXNativeTarget section */

/* Begin PBXProject section */
		5B8AC08415BEA37900460D33 /* Project object */ = {
			isa = PBXProject;
			attributes = {
				CLASSPREFIX = TopPlaces;
				LastUpgradeCheck = 0430;
				ORGANIZATIONNAME = m2m;
			};
			buildConfigurationList = 5B8AC08715BEA37900460D33 /* Build configuration list for PBXProject "TopPlaces" */;
			compatibilityVersion = "Xcode 3.2";
			developmentRegion = English;
			hasScannedForEncodings = 0;
			knownRegions = (
				en,
			);
			mainGroup = 5B8AC08215BEA37900460D33;
			productRefGroup = 5B8AC08E15BEA37900460D33 /* Products */;
			projectDirPath = "";
			projectRoot = "";
			targets = (
				5B8AC08C15BEA37900460D33 /* TopPlaces */,
			);
		};
/* End PBXProject section */

/* Begin PBXResourcesBuildPhase section */
		5B8AC08B15BEA37900460D33 /* Resources */ = {
			isa = PBXResourcesBuildPhase;
			buildActionMask = 2147483647;
			files = (
				5B8AC09C15BEA37900460D33 /* InfoPlist.strings in Resources */,
				5B8AC0A515BEA37A00460D33 /* MainStoryboard_iPhone.storyboard in Resources */,
				5B8AC0A815BEA37A00460D33 /* MainStoryboard_iPad.storyboard in Resources */,
				5B0C61B715C5A45B00E4C725 /* Placeholder.png in Resources */,
				5B54CD5915C9744A00AA1262 /* palm.png in Resources */,
				5B54CD5A15C9744A00AA1262 /* palm@2x.png in Resources */,
				5B54CD5D15C9745900AA1262 /* world.png in Resources */,
				5B54CD5E15C9745900AA1262 /* world@2x.png in Resources */,
			);
			runOnlyForDeploymentPostprocessing = 0;
		};
/* End PBXResourcesBuildPhase section */

/* Begin PBXSourcesBuildPhase section */
		5B8AC08915BEA37900460D33 /* Sources */ = {
			isa = PBXSourcesBuildPhase;
			buildActionMask = 2147483647;
			files = (
				5B8AC09E15BEA37900460D33 /* main.m in Sources */,
				5B8AC0A215BEA37900460D33 /* TopPlacesAppDelegate.m in Sources */,
				5B8AC0BB15BEA84700460D33 /* FlickrFetcher.m in Sources */,
				5B7BA52115BEBC3500185E9F /* TopPlacesTableViewController.m in Sources */,
				5B7BA52515BEBC5800185E9F /* RecentPhotosTableViewController.m in Sources */,
				5B0478B115C07ADE00CAC407 /* TopPhotosTableViewController.m in Sources */,
				5B0478B415C07DCC00CAC407 /* CommonTableViewController.m in Sources */,
				5B0478BB15C11DAC00CAC407 /* PhotoViewController.m in Sources */,
				5B0478C115C1339900CAC407 /* FlickrData.m in Sources */,
				5B0C619E15C4037100E4C725 /* FlickrCache.m in Sources */,
				5B0C61A615C489D000E4C725 /* FlickrAnnotation.m in Sources */,
				5B54CD6115C9759900AA1262 /* VacationsTableViewController.m in Sources */,
				5B54CD6515C97DC500AA1262 /* VacationHelper.m in Sources */,
				5B54CD6C15C9996500AA1262 /* VacationTableViewController.m in Sources */,
				5B54CD6F15CA636000AA1262 /* ItineraryTableViewController.m in Sources */,
				5B54CD7215CA638F00AA1262 /* CoreDataTableViewController.m in Sources */,
				5BBCB66915CA77B2001EA96D /* Vacation.xcdatamodeld in Sources */,
				5BBCB67615CAD525001EA96D /* Place+Flickr.m in Sources */,
				5B61C8F315CBFA2600750FD6 /* Photo+Flickr.m in Sources */,
				5B61C8FC15CC02E400750FD6 /* VacationPhotosTableViewController.m in Sources */,
				5BDD34C215CFA573000E2EB8 /* TagsTableViewController.m in Sources */,
				5BDD34CF15CFAC26000E2EB8 /* Tag+Flickr.m in Sources */,
				5BE470D915D00B920040E69E /* AddVacationViewController.m in Sources */,
				5B645E9F15D122B20007284F /* Itinerary.m in Sources */,
				5B645EA215D122B20007284F /* Photo.m in Sources */,
				5B645EA515D122B30007284F /* Tag.m in Sources */,
				5B645EA815D122B30007284F /* Place.m in Sources */,
				5B645EAB15D128DF0007284F /* Itinerary+Single.m in Sources */,
			);
			runOnlyForDeploymentPostprocessing = 0;
		};
/* End PBXSourcesBuildPhase section */

/* Begin PBXVariantGroup section */
		5B8AC09A15BEA37900460D33 /* InfoPlist.strings */ = {
			isa = PBXVariantGroup;
			children = (
				5B8AC09B15BEA37900460D33 /* en */,
			);
			name = InfoPlist.strings;
			sourceTree = "<group>";
		};
		5B8AC0A315BEA37A00460D33 /* MainStoryboard_iPhone.storyboard */ = {
			isa = PBXVariantGroup;
			children = (
				5B8AC0A415BEA37A00460D33 /* en */,
			);
			name = MainStoryboard_iPhone.storyboard;
			sourceTree = "<group>";
		};
		5B8AC0A615BEA37A00460D33 /* MainStoryboard_iPad.storyboard */ = {
			isa = PBXVariantGroup;
			children = (
				5B8AC0A715BEA37A00460D33 /* en */,
			);
			name = MainStoryboard_iPad.storyboard;
			sourceTree = "<group>";
		};
/* End PBXVariantGroup section */

/* Begin XCBuildConfiguration section */
		5B8AC0AC15BEA37A00460D33 /* Debug */ = {
			isa = XCBuildConfiguration;
			buildSettings = {
				ALWAYS_SEARCH_USER_PATHS = NO;
				ARCHS = "$(ARCHS_STANDARD_32_BIT)";
				CLANG_ENABLE_OBJC_ARC = YES;
				"CODE_SIGN_IDENTITY[sdk=iphoneos*]" = "iPhone Developer";
				COPY_PHASE_STRIP = NO;
				GCC_C_LANGUAGE_STANDARD = gnu99;
				GCC_DYNAMIC_NO_PIC = NO;
				GCC_OPTIMIZATION_LEVEL = 0;
				GCC_PREPROCESSOR_DEFINITIONS = (
					"DEBUG=1",
					"$(inherited)",
				);
				GCC_SYMBOLS_PRIVATE_EXTERN = NO;
				GCC_VERSION = com.apple.compilers.llvm.clang.1_0;
				GCC_WARN_ABOUT_RETURN_TYPE = YES;
				GCC_WARN_UNINITIALIZED_AUTOS = YES;
				GCC_WARN_UNUSED_VARIABLE = YES;
				IPHONEOS_DEPLOYMENT_TARGET = 5.1;
				SDKROOT = iphoneos;
				TARGETED_DEVICE_FAMILY = "1,2";
			};
			name = Debug;
		};
		5B8AC0AD15BEA37A00460D33 /* Release */ = {
			isa = XCBuildConfiguration;
			buildSettings = {
				ALWAYS_SEARCH_USER_PATHS = NO;
				ARCHS = "$(ARCHS_STANDARD_32_BIT)";
				CLANG_ENABLE_OBJC_ARC = YES;
				"CODE_SIGN_IDENTITY[sdk=iphoneos*]" = "iPhone Developer";
				COPY_PHASE_STRIP = YES;
				GCC_C_LANGUAGE_STANDARD = gnu99;
				GCC_VERSION = com.apple.compilers.llvm.clang.1_0;
				GCC_WARN_ABOUT_RETURN_TYPE = YES;
				GCC_WARN_UNINITIALIZED_AUTOS = YES;
				GCC_WARN_UNUSED_VARIABLE = YES;
				IPHONEOS_DEPLOYMENT_TARGET = 5.1;
				OTHER_CFLAGS = "-DNS_BLOCK_ASSERTIONS=1";
				SDKROOT = iphoneos;
				TARGETED_DEVICE_FAMILY = "1,2";
				VALIDATE_PRODUCT = YES;
			};
			name = Release;
		};
		5B8AC0AF15BEA37A00460D33 /* Debug */ = {
			isa = XCBuildConfiguration;
			buildSettings = {
				GCC_PRECOMPILE_PREFIX_HEADER = YES;
				GCC_PREFIX_HEADER = "TopPlaces/TopPlaces-Prefix.pch";
				INFOPLIST_FILE = "TopPlaces/TopPlaces-Info.plist";
				PRODUCT_NAME = "$(TARGET_NAME)";
				WRAPPER_EXTENSION = app;
			};
			name = Debug;
		};
		5B8AC0B015BEA37A00460D33 /* Release */ = {
			isa = XCBuildConfiguration;
			buildSettings = {
				GCC_PRECOMPILE_PREFIX_HEADER = YES;
				GCC_PREFIX_HEADER = "TopPlaces/TopPlaces-Prefix.pch";
				INFOPLIST_FILE = "TopPlaces/TopPlaces-Info.plist";
				PRODUCT_NAME = "$(TARGET_NAME)";
				WRAPPER_EXTENSION = app;
			};
			name = Release;
		};
/* End XCBuildConfiguration section */

/* Begin XCConfigurationList section */
		5B8AC08715BEA37900460D33 /* Build configuration list for PBXProject "TopPlaces" */ = {
			isa = XCConfigurationList;
			buildConfigurations = (
				5B8AC0AC15BEA37A00460D33 /* Debug */,
				5B8AC0AD15BEA37A00460D33 /* Release */,
			);
			defaultConfigurationIsVisible = 0;
			defaultConfigurationName = Release;
		};
		5B8AC0AE15BEA37A00460D33 /* Build configuration list for PBXNativeTarget "TopPlaces" */ = {
			isa = XCConfigurationList;
			buildConfigurations = (
				5B8AC0AF15BEA37A00460D33 /* Debug */,
				5B8AC0B015BEA37A00460D33 /* Release */,
			);
			defaultConfigurationIsVisible = 0;
			defaultConfigurationName = Release;
		};
/* End XCConfigurationList section */

/* Begin XCVersionGroup section */
		5BBCB66715CA77B2001EA96D /* Vacation.xcdatamodeld */ = {
			isa = XCVersionGroup;
			children = (
				5BBCB66815CA77B2001EA96D /* Vacation.xcdatamodel */,
			);
			currentVersion = 5BBCB66815CA77B2001EA96D /* Vacation.xcdatamodel */;
			path = Vacation.xcdatamodeld;
			sourceTree = "<group>";
			versionGroupType = wrapper.xcdatamodel;
		};
/* End XCVersionGroup section */
	};
	rootObject = 5B8AC08415BEA37900460D33 /* Project object */;
}
